
Microsoft Visual Studio Solution File, Format Version 12.00
# Visual Studio 15
VisualStudioVersion = 15.0.28307.489
MinimumVisualStudioVersion = 10.0.40219.1
Project("{FAE04EC0-301F-11D3-BF4B-00C04F79EFBC}") = "AppFraction", "AppFraction\AppFraction.csproj", "{56D61DAC-A645-4F5E-98D1-3FD26CDB1FB3}"
EndProject
Global
	GlobalSection(SolutionConfigurationPlatforms) = preSolution
		Debug|Any CPU = Debug|Any CPU
		Release|Any CPU = Release|Any CPU
	EndGlobalSection
	GlobalSection(ProjectConfigurationPlatforms) = postSolution
		{56D61DAC-A645-4F5E-98D1-3FD26CDB1FB3}.Debug|Any CPU.ActiveCfg = Debug|Any CPU
		{56D61DAC-A645-4F5E-98D1-3FD26CDB1FB3}.Debug|Any CPU.Build.0 = Debug|Any CPU
		{56D61DAC-A645-4F5E-98D1-3FD26CDB1FB3}.Release|Any CPU.ActiveCfg = Release|Any CPU
		{56D61DAC-A645-4F5E-98D1-3FD26CDB1FB3}.Release|Any CPU.Build.0 = Release|Any CPU
	EndGlobalSection
	GlobalSection(SolutionProperties) = preSolution
		HideSolutionNode = FALSE
	EndGlobalSection
	GlobalSection(ExtensibilityGlobals) = postSolution
		SolutionGuid = {8583EA41-DCA8-4156-B91C-6E3DEC1753E6}
	EndGlobalSection
EndGlobal
