
Microsoft Visual Studio Solution File, Format Version 12.00
# Visual Studio 15
VisualStudioVersion = 15.0.28307.489
MinimumVisualStudioVersion = 10.0.40219.1
Project("{FAE04EC0-301F-11D3-BF4B-00C04F79EFBC}") = "Tulipe", "Tulipe\Tulipe.csproj", "{47E71B70-1D26-4558-8641-8461AAE6C055}"
EndProject
Global
	GlobalSection(SolutionConfigurationPlatforms) = preSolution
		Debug|Any CPU = Debug|Any CPU
		Release|Any CPU = Release|Any CPU
	EndGlobalSection
	GlobalSection(ProjectConfigurationPlatforms) = postSolution
		{47E71B70-1D26-4558-8641-8461AAE6C055}.Debug|Any CPU.ActiveCfg = Debug|Any CPU
		{47E71B70-1D26-4558-8641-8461AAE6C055}.Debug|Any CPU.Build.0 = Debug|Any CPU
		{47E71B70-1D26-4558-8641-8461AAE6C055}.Release|Any CPU.ActiveCfg = Release|Any CPU
		{47E71B70-1D26-4558-8641-8461AAE6C055}.Release|Any CPU.Build.0 = Release|Any CPU
	EndGlobalSection
	GlobalSection(SolutionProperties) = preSolution
		HideSolutionNode = FALSE
	EndGlobalSection
	GlobalSection(ExtensibilityGlobals) = postSolution
		SolutionGuid = {AA856510-04F3-45EF-834E-1AB4F6B27C40}
	EndGlobalSection
EndGlobal
