
Microsoft Visual Studio Solution File, Format Version 12.00
# Visual Studio 15
VisualStudioVersion = 15.0.28307.489
MinimumVisualStudioVersion = 10.0.40219.1
Project("{FAE04EC0-301F-11D3-BF4B-00C04F79EFBC}") = "fahrenheit en celcius", "fahrenheit en celcius\fahrenheit en celcius.csproj", "{5D7A7DA7-8823-410F-8003-861FABB5940E}"
EndProject
Global
	GlobalSection(SolutionConfigurationPlatforms) = preSolution
		Debug|Any CPU = Debug|Any CPU
		Release|Any CPU = Release|Any CPU
	EndGlobalSection
	GlobalSection(ProjectConfigurationPlatforms) = postSolution
		{5D7A7DA7-8823-410F-8003-861FABB5940E}.Debug|Any CPU.ActiveCfg = Debug|Any CPU
		{5D7A7DA7-8823-410F-8003-861FABB5940E}.Debug|Any CPU.Build.0 = Debug|Any CPU
		{5D7A7DA7-8823-410F-8003-861FABB5940E}.Release|Any CPU.ActiveCfg = Release|Any CPU
		{5D7A7DA7-8823-410F-8003-861FABB5940E}.Release|Any CPU.Build.0 = Release|Any CPU
	EndGlobalSection
	GlobalSection(SolutionProperties) = preSolution
		HideSolutionNode = FALSE
	EndGlobalSection
	GlobalSection(ExtensibilityGlobals) = postSolution
		SolutionGuid = {0A2D93B9-0B32-49F9-A506-0D9E2189BBC1}
	EndGlobalSection
EndGlobal
